
Microsoft Visual Studio Solution File, Format Version 12.00
# Visual Studio Express 2013 for Windows Desktop
VisualStudioVersion = 12.0.30501.0
MinimumVisualStudioVersion = 10.0.40219.1
Project("{FAE04EC0-301F-11D3-BF4B-00C04F79EFBC}") = "CSharpDom", "CSharpDom\CSharpDom.csproj", "{EAA58A34-7E4B-4E20-BE3C-8D7AAC4B261B}"
EndProject
Project("{FAE04EC0-301F-11D3-BF4B-00C04F79EFBC}") = "CSharpDom.Tests", "CSharpDom.Tests\CSharpDom.Tests.csproj", "{7AF198D4-97EF-436E-8A5D-508E0625B2B8}"
EndProject
Project("{2150E333-8FDC-42A3-9474-1A3956D46DE8}") = ".nuget", ".nuget", "{92699130-FCAA-49E8-9199-F96BE2B9471D}"
	ProjectSection(SolutionItems) = preProject
		.nuget\NuGet.Config = .nuget\NuGet.Config
		.nuget\NuGet.exe = .nuget\NuGet.exe
		.nuget\NuGet.targets = .nuget\NuGet.targets
	EndProjectSection
EndProject
Global
	GlobalSection(SolutionConfigurationPlatforms) = preSolution
		Debug|Any CPU = Debug|Any CPU
		Release|Any CPU = Release|Any CPU
	EndGlobalSection
	GlobalSection(ProjectConfigurationPlatforms) = postSolution
		{EAA58A34-7E4B-4E20-BE3C-8D7AAC4B261B}.Debug|Any CPU.ActiveCfg = Debug|Any CPU
		{EAA58A34-7E4B-4E20-BE3C-8D7AAC4B261B}.Debug|Any CPU.Build.0 = Debug|Any CPU
		{EAA58A34-7E4B-4E20-BE3C-8D7AAC4B261B}.Release|Any CPU.ActiveCfg = Release|Any CPU
		{EAA58A34-7E4B-4E20-BE3C-8D7AAC4B261B}.Release|Any CPU.Build.0 = Release|Any CPU
		{7AF198D4-97EF-436E-8A5D-508E0625B2B8}.Debug|Any CPU.ActiveCfg = Debug|Any CPU
		{7AF198D4-97EF-436E-8A5D-508E0625B2B8}.Debug|Any CPU.Build.0 = Debug|Any CPU
		{7AF198D4-97EF-436E-8A5D-508E0625B2B8}.Release|Any CPU.ActiveCfg = Release|Any CPU
		{7AF198D4-97EF-436E-8A5D-508E0625B2B8}.Release|Any CPU.Build.0 = Release|Any CPU
	EndGlobalSection
	GlobalSection(SolutionProperties) = preSolution
		HideSolutionNode = FALSE
	EndGlobalSection
EndGlobal
